
Microsoft Visual Studio Solution File, Format Version 12.00
# Visual Studio Version 16
VisualStudioVersion = 16.0.30523.141
MinimumVisualStudioVersion = 10.0.40219.1
Project("{FAE04EC0-301F-11D3-BF4B-00C04F79EFBC}") = "РО", "РО\РО.csproj", "{474F8B45-D14F-4DDE-8183-971FC317760A}"
EndProject
Global
	GlobalSection(SolutionConfigurationPlatforms) = preSolution
		Debug|Any CPU = Debug|Any CPU
		Release|Any CPU = Release|Any CPU
	EndGlobalSection
	GlobalSection(ProjectConfigurationPlatforms) = postSolution
		{474F8B45-D14F-4DDE-8183-971FC317760A}.Debug|Any CPU.ActiveCfg = Debug|Any CPU
		{474F8B45-D14F-4DDE-8183-971FC317760A}.Debug|Any CPU.Build.0 = Debug|Any CPU
		{474F8B45-D14F-4DDE-8183-971FC317760A}.Release|Any CPU.ActiveCfg = Release|Any CPU
		{474F8B45-D14F-4DDE-8183-971FC317760A}.Release|Any CPU.Build.0 = Release|Any CPU
	EndGlobalSection
	GlobalSection(SolutionProperties) = preSolution
		HideSolutionNode = FALSE
	EndGlobalSection
	GlobalSection(ExtensibilityGlobals) = postSolution
		SolutionGuid = {F8FE9198-07CC-49F3-A7A4-9602E43F9073}
	EndGlobalSection
EndGlobal
